
Microsoft Visual Studio Solution File, Format Version 12.00
# Visual Studio Version 17
VisualStudioVersion = 17.11.35312.102
MinimumVisualStudioVersion = 10.0.40219.1
Project("{9A19103F-16F7-4668-BE54-9A1E7A4F7556}") = "LinenManagementSystem", "LinenManagementSystem\LinenManagementSystem.csproj", "{BDFA09E0-E18A-4E0D-B89D-6F88E8A88F88}"
EndProject
Project("{FAE04EC0-301F-11D3-BF4B-00C04F79EFBC}") = "UnitTests", "UnitTests\UnitTests.csproj", "{71D06BCF-CB50-499B-9758-B0B996F10D12}"
EndProject
Global
	GlobalSection(SolutionConfigurationPlatforms) = preSolution
		Debug|Any CPU = Debug|Any CPU
		Release|Any CPU = Release|Any CPU
	EndGlobalSection
	GlobalSection(ProjectConfigurationPlatforms) = postSolution
		{BDFA09E0-E18A-4E0D-B89D-6F88E8A88F88}.Debug|Any CPU.ActiveCfg = Debug|Any CPU
		{BDFA09E0-E18A-4E0D-B89D-6F88E8A88F88}.Debug|Any CPU.Build.0 = Debug|Any CPU
		{BDFA09E0-E18A-4E0D-B89D-6F88E8A88F88}.Release|Any CPU.ActiveCfg = Release|Any CPU
		{BDFA09E0-E18A-4E0D-B89D-6F88E8A88F88}.Release|Any CPU.Build.0 = Release|Any CPU
		{71D06BCF-CB50-499B-9758-B0B996F10D12}.Debug|Any CPU.ActiveCfg = Debug|Any CPU
		{71D06BCF-CB50-499B-9758-B0B996F10D12}.Debug|Any CPU.Build.0 = Debug|Any CPU
		{71D06BCF-CB50-499B-9758-B0B996F10D12}.Release|Any CPU.ActiveCfg = Release|Any CPU
		{71D06BCF-CB50-499B-9758-B0B996F10D12}.Release|Any CPU.Build.0 = Release|Any CPU
	EndGlobalSection
	GlobalSection(SolutionProperties) = preSolution
		HideSolutionNode = FALSE
	EndGlobalSection
	GlobalSection(ExtensibilityGlobals) = postSolution
		SolutionGuid = {1D759C24-F40E-4A40-AF87-6C4366CCD6A9}
	EndGlobalSection
EndGlobal
